Microsoft Visual Studio Solution File, Format Version 12.00
# Visual Studio Version 16
VisualStudioVersion = 16.0.29306.81
MinimumVisualStudioVersion = 10.0.40219.1
Project("{FAE04EC0-301F-11D3-BF4B-00C04F79EFBC}") = "SunamoMvvm", "SunamoMvvm\SunamoMvvm.csproj", "{14FEC151-B84D-4D45-BA3C-3B7FFAF25385}"
EndProject
Project("{9A19103F-16F7-4668-BE54-9A1E7A4F7556}") = "duo", "..\sunamo\duo\duo.csproj", "{D4C45A56-F726-4B63-B94B-4172AC65F358}"
EndProject
Project("{FAE04EC0-301F-11D3-BF4B-00C04F79EFBC}") = "ConfigurableWindow", "ConfigurableWindow\ConfigurableWindow.csproj", "{409E4603-A3A6-4FCA-B73B-A17F42768011}"
EndProject
Project("{FAE04EC0-301F-11D3-BF4B-00C04F79EFBC}") = "Collage.Engine", "Collage.Engine\Collage.Engine.csproj", "{BC82FC61-26E6-4F4A-AF93-73C38AA46394}"
EndProject
Project("{9A19103F-16F7-4668-BE54-9A1E7A4F7556}") = "SunamoExceptions", "..\sunamoWithoutDep\SunamoExceptions\SunamoExceptions.csproj", "{F3F6F3CA-A5F5-4994-9666-3FED63614B8F}"
EndProject
Project("{9A19103F-16F7-4668-BE54-9A1E7A4F7556}") = "SunamoGpx", "SunamoGpx\SunamoGpx.csproj", "{6A4711EA-F8B6-4847-B7EE-B13B1364F919}"
EndProject
Project("{9A19103F-16F7-4668-BE54-9A1E7A4F7556}") = "SlnGen.Common", "SlnGen.Common\SlnGen.Common.csproj", "{BD75C897-82D9-43FC-97D9-F46DAD70C47E}"
EndProject
Project("{FAE04EC0-301F-11D3-BF4B-00C04F79EFBC}") = "Xlf", "..\sunamo\Xlf\Xlf.csproj", "{00B76D22-B82F-43FD-AC48-4B1F56E6910F}"
EndProject
Project("{FAE04EC0-301F-11D3-BF4B-00C04F79EFBC}") = "CountryComboBox", "CountryComboBox\CountryComboBox.csproj", "{5DF58BAE-8B69-4797-8DB1-B81A46901184}"
EndProject
Project("{9A19103F-16F7-4668-BE54-9A1E7A4F7556}") = "ExCSS", "ExCSS\ExCSS.csproj", "{21F8DFC0-35C1-47E1-AD16-D19E6DFAC3E2}"
EndProject
Project("{9A19103F-16F7-4668-BE54-9A1E7A4F7556}") = "Utf8Json", "Utf8Json\Utf8Json.csproj", "{E0740EFD-1B2F-4F1D-8366-3E70C3FD1200}"
EndProject
Project("{9A19103F-16F7-4668-BE54-9A1E7A4F7556}") = "UAParser", "UAParser\UAParser.csproj", "{61543FCA-6E6C-44DB-87F1-0546658E343C}"
EndProject
Project("{FAE04EC0-301F-11D3-BF4B-00C04F79EFBC}") = "FubuCore", "FubuCore\FubuCore.csproj", "{342B987C-E0A4-4129-958D-8E08084E8A06}"
EndProject
Project("{FAE04EC0-301F-11D3-BF4B-00C04F79EFBC}") = "CommandLineParserFw", "CommandLineParserFw\CommandLineParserFw.csproj", "{F9D13509-2901-4F0C-882F-952666EB9F95}"
EndProject
Global
	GlobalSection(SolutionConfigurationPlatforms) = preSolution
		Debug|Any CPU = Debug|Any CPU
		Debug|x64 = Debug|x64
		Debug|x86 = Debug|x86
		Release|Any CPU = Release|Any CPU
		Release|x64 = Release|x64
		Release|x86 = Release|x86
	EndGlobalSection
	GlobalSection(ProjectConfigurationPlatforms) = postSolution
		{14FEC151-B84D-4D45-BA3C-3B7FFAF25385}.Debug|Any CPU.ActiveCfg = Debug|Any CPU
		{14FEC151-B84D-4D45-BA3C-3B7FFAF25385}.Debug|Any CPU.Build.0 = Debug|Any CPU
		{14FEC151-B84D-4D45-BA3C-3B7FFAF25385}.Debug|x64.ActiveCfg = Debug|Any CPU
		{14FEC151-B84D-4D45-BA3C-3B7FFAF25385}.Debug|x64.Build.0 = Debug|Any CPU
		{14FEC151-B84D-4D45-BA3C-3B7FFAF25385}.Debug|x86.ActiveCfg = Debug|Any CPU
		{14FEC151-B84D-4D45-BA3C-3B7FFAF25385}.Debug|x86.Build.0 = Debug|Any CPU
		{14FEC151-B84D-4D45-BA3C-3B7FFAF25385}.Release|Any CPU.ActiveCfg = Release|Any CPU
		{14FEC151-B84D-4D45-BA3C-3B7FFAF25385}.Release|Any CPU.Build.0 = Release|Any CPU
		{14FEC151-B84D-4D45-BA3C-3B7FFAF25385}.Release|x64.ActiveCfg = Release|Any CPU
		{14FEC151-B84D-4D45-BA3C-3B7FFAF25385}.Release|x64.Build.0 = Release|Any CPU
		{14FEC151-B84D-4D45-BA3C-3B7FFAF25385}.Release|x86.ActiveCfg = Release|Any CPU
		{14FEC151-B84D-4D45-BA3C-3B7FFAF25385}.Release|x86.Build.0 = Release|Any CPU
		{D4C45A56-F726-4B63-B94B-4172AC65F358}.Debug|Any CPU.ActiveCfg = Debug|Any CPU
		{D4C45A56-F726-4B63-B94B-4172AC65F358}.Debug|Any CPU.Build.0 = Debug|Any CPU
		{D4C45A56-F726-4B63-B94B-4172AC65F358}.Debug|x64.ActiveCfg = Debug|Any CPU
		{D4C45A56-F726-4B63-B94B-4172AC65F358}.Debug|x64.Build.0 = Debug|Any CPU
		{D4C45A56-F726-4B63-B94B-4172AC65F358}.Debug|x86.ActiveCfg = Debug|Any CPU
		{D4C45A56-F726-4B63-B94B-4172AC65F358}.Debug|x86.Build.0 = Debug|Any CPU
		{D4C45A56-F726-4B63-B94B-4172AC65F358}.Release|Any CPU.ActiveCfg = Release|Any CPU
		{D4C45A56-F726-4B63-B94B-4172AC65F358}.Release|Any CPU.Build.0 = Release|Any CPU
		{D4C45A56-F726-4B63-B94B-4172AC65F358}.Release|x64.ActiveCfg = Release|Any CPU
		{D4C45A56-F726-4B63-B94B-4172AC65F358}.Release|x64.Build.0 = Release|Any CPU
		{D4C45A56-F726-4B63-B94B-4172AC65F358}.Release|x86.ActiveCfg = Release|Any CPU
		{D4C45A56-F726-4B63-B94B-4172AC65F358}.Release|x86.Build.0 = Release|Any CPU
		{409E4603-A3A6-4FCA-B73B-A17F42768011}.Debug|Any CPU.ActiveCfg = Debug|Any CPU
		{409E4603-A3A6-4FCA-B73B-A17F42768011}.Debug|Any CPU.Build.0 = Debug|Any CPU
		{409E4603-A3A6-4FCA-B73B-A17F42768011}.Debug|x64.ActiveCfg = Debug|Any CPU
		{409E4603-A3A6-4FCA-B73B-A17F42768011}.Debug|x64.Build.0 = Debug|Any CPU
		{409E4603-A3A6-4FCA-B73B-A17F42768011}.Debug|x86.ActiveCfg = Debug|Any CPU
		{409E4603-A3A6-4FCA-B73B-A17F42768011}.Debug|x86.Build.0 = Debug|Any CPU
		{409E4603-A3A6-4FCA-B73B-A17F42768011}.Release|Any CPU.ActiveCfg = Release|Any CPU
		{409E4603-A3A6-4FCA-B73B-A17F42768011}.Release|Any CPU.Build.0 = Release|Any CPU
		{409E4603-A3A6-4FCA-B73B-A17F42768011}.Release|x64.ActiveCfg = Release|Any CPU
		{409E4603-A3A6-4FCA-B73B-A17F42768011}.Release|x64.Build.0 = Release|Any CPU
		{409E4603-A3A6-4FCA-B73B-A17F42768011}.Release|x86.ActiveCfg = Release|Any CPU
		{409E4603-A3A6-4FCA-B73B-A17F42768011}.Release|x86.Build.0 = Release|Any CPU
		{BC82FC61-26E6-4F4A-AF93-73C38AA46394}.Debug|Any CPU.ActiveCfg = Debug|Any CPU
		{BC82FC61-26E6-4F4A-AF93-73C38AA46394}.Debug|Any CPU.Build.0 = Debug|Any CPU
		{BC82FC61-26E6-4F4A-AF93-73C38AA46394}.Debug|x64.ActiveCfg = Debug|Any CPU
		{BC82FC61-26E6-4F4A-AF93-73C38AA46394}.Debug|x64.Build.0 = Debug|Any CPU
		{BC82FC61-26E6-4F4A-AF93-73C38AA46394}.Debug|x86.ActiveCfg = Debug|Any CPU
		{BC82FC61-26E6-4F4A-AF93-73C38AA46394}.Debug|x86.Build.0 = Debug|Any CPU
		{BC82FC61-26E6-4F4A-AF93-73C38AA46394}.Release|Any CPU.ActiveCfg = Release|Any CPU
		{BC82FC61-26E6-4F4A-AF93-73C38AA46394}.Release|Any CPU.Build.0 = Release|Any CPU
		{BC82FC61-26E6-4F4A-AF93-73C38AA46394}.Release|x64.ActiveCfg = Release|Any CPU
		{BC82FC61-26E6-4F4A-AF93-73C38AA46394}.Release|x64.Build.0 = Release|Any CPU
		{BC82FC61-26E6-4F4A-AF93-73C38AA46394}.Release|x86.ActiveCfg = Release|Any CPU
		{BC82FC61-26E6-4F4A-AF93-73C38AA46394}.Release|x86.Build.0 = Release|Any CPU
		{F3F6F3CA-A5F5-4994-9666-3FED63614B8F}.Debug|Any CPU.ActiveCfg = Debug|Any CPU
		{F3F6F3CA-A5F5-4994-9666-3FED63614B8F}.Debug|Any CPU.Build.0 = Debug|Any CPU
		{F3F6F3CA-A5F5-4994-9666-3FED63614B8F}.Debug|x64.ActiveCfg = Debug|Any CPU
		{F3F6F3CA-A5F5-4994-9666-3FED63614B8F}.Debug|x64.Build.0 = Debug|Any CPU
		{F3F6F3CA-A5F5-4994-9666-3FED63614B8F}.Debug|x86.ActiveCfg = Debug|Any CPU
		{F3F6F3CA-A5F5-4994-9666-3FED63614B8F}.Debug|x86.Build.0 = Debug|Any CPU
		{F3F6F3CA-A5F5-4994-9666-3FED63614B8F}.Release|Any CPU.ActiveCfg = Release|Any CPU
		{F3F6F3CA-A5F5-4994-9666-3FED63614B8F}.Release|Any CPU.Build.0 = Release|Any CPU
		{F3F6F3CA-A5F5-4994-9666-3FED63614B8F}.Release|x64.ActiveCfg = Release|Any CPU
		{F3F6F3CA-A5F5-4994-9666-3FED63614B8F}.Release|x64.Build.0 = Release|Any CPU
		{F3F6F3CA-A5F5-4994-9666-3FED63614B8F}.Release|x86.ActiveCfg = Release|Any CPU
		{F3F6F3CA-A5F5-4994-9666-3FED63614B8F}.Release|x86.Build.0 = Release|Any CPU
		{6A4711EA-F8B6-4847-B7EE-B13B1364F919}.Debug|Any CPU.ActiveCfg = Debug|Any CPU
		{6A4711EA-F8B6-4847-B7EE-B13B1364F919}.Debug|Any CPU.Build.0 = Debug|Any CPU
		{6A4711EA-F8B6-4847-B7EE-B13B1364F919}.Debug|x64.ActiveCfg = Debug|Any CPU
		{6A4711EA-F8B6-4847-B7EE-B13B1364F919}.Debug|x64.Build.0 = Debug|Any CPU
		{6A4711EA-F8B6-4847-B7EE-B13B1364F919}.Debug|x86.ActiveCfg = Debug|Any CPU
		{6A4711EA-F8B6-4847-B7EE-B13B1364F919}.Debug|x86.Build.0 = Debug|Any CPU
		{6A4711EA-F8B6-4847-B7EE-B13B1364F919}.Release|Any CPU.ActiveCfg = Release|Any CPU
		{6A4711EA-F8B6-4847-B7EE-B13B1364F919}.Release|Any CPU.Build.0 = Release|Any CPU
		{6A4711EA-F8B6-4847-B7EE-B13B1364F919}.Release|x64.ActiveCfg = Release|Any CPU
		{6A4711EA-F8B6-4847-B7EE-B13B1364F919}.Release|x64.Build.0 = Release|Any CPU
		{6A4711EA-F8B6-4847-B7EE-B13B1364F919}.Release|x86.ActiveCfg = Release|Any CPU
		{6A4711EA-F8B6-4847-B7EE-B13B1364F919}.Release|x86.Build.0 = Release|Any CPU
		{BD75C897-82D9-43FC-97D9-F46DAD70C47E}.Debug|Any CPU.ActiveCfg = Debug|Any CPU
		{BD75C897-82D9-43FC-97D9-F46DAD70C47E}.Debug|Any CPU.Build.0 = Debug|Any CPU
		{BD75C897-82D9-43FC-97D9-F46DAD70C47E}.Debug|x64.ActiveCfg = Debug|Any CPU
		{BD75C897-82D9-43FC-97D9-F46DAD70C47E}.Debug|x64.Build.0 = Debug|Any CPU
		{BD75C897-82D9-43FC-97D9-F46DAD70C47E}.Debug|x86.ActiveCfg = Debug|Any CPU
		{BD75C897-82D9-43FC-97D9-F46DAD70C47E}.Debug|x86.Build.0 = Debug|Any CPU
		{BD75C897-82D9-43FC-97D9-F46DAD70C47E}.Release|Any CPU.ActiveCfg = Release|Any CPU
		{BD75C897-82D9-43FC-97D9-F46DAD70C47E}.Release|Any CPU.Build.0 = Release|Any CPU
		{BD75C897-82D9-43FC-97D9-F46DAD70C47E}.Release|x64.ActiveCfg = Release|Any CPU
		{BD75C897-82D9-43FC-97D9-F46DAD70C47E}.Release|x64.Build.0 = Release|Any CPU
		{BD75C897-82D9-43FC-97D9-F46DAD70C47E}.Release|x86.ActiveCfg = Release|Any CPU
		{BD75C897-82D9-43FC-97D9-F46DAD70C47E}.Release|x86.Build.0 = Release|Any CPU
		{00B76D22-B82F-43FD-AC48-4B1F56E6910F}.Debug|Any CPU.ActiveCfg = Debug|Any CPU
		{00B76D22-B82F-43FD-AC48-4B1F56E6910F}.Debug|Any CPU.Build.0 = Debug|Any CPU
		{00B76D22-B82F-43FD-AC48-4B1F56E6910F}.Debug|x64.ActiveCfg = Debug|Any CPU
		{00B76D22-B82F-43FD-AC48-4B1F56E6910F}.Debug|x64.Build.0 = Debug|Any CPU
		{00B76D22-B82F-43FD-AC48-4B1F56E6910F}.Debug|x86.ActiveCfg = Debug|Any CPU
		{00B76D22-B82F-43FD-AC48-4B1F56E6910F}.Debug|x86.Build.0 = Debug|Any CPU
		{00B76D22-B82F-43FD-AC48-4B1F56E6910F}.Release|Any CPU.ActiveCfg = Release|Any CPU
		{00B76D22-B82F-43FD-AC48-4B1F56E6910F}.Release|Any CPU.Build.0 = Release|Any CPU
		{00B76D22-B82F-43FD-AC48-4B1F56E6910F}.Release|x64.ActiveCfg = Release|Any CPU
		{00B76D22-B82F-43FD-AC48-4B1F56E6910F}.Release|x64.Build.0 = Release|Any CPU
		{00B76D22-B82F-43FD-AC48-4B1F56E6910F}.Release|x86.ActiveCfg = Release|Any CPU
		{00B76D22-B82F-43FD-AC48-4B1F56E6910F}.Release|x86.Build.0 = Release|Any CPU
		{5DF58BAE-8B69-4797-8DB1-B81A46901184}.Debug|Any CPU.ActiveCfg = Debug|Any CPU
		{5DF58BAE-8B69-4797-8DB1-B81A46901184}.Debug|Any CPU.Build.0 = Debug|Any CPU
		{5DF58BAE-8B69-4797-8DB1-B81A46901184}.Debug|x64.ActiveCfg = Debug|Any CPU
		{5DF58BAE-8B69-4797-8DB1-B81A46901184}.Debug|x64.Build.0 = Debug|Any CPU
		{5DF58BAE-8B69-4797-8DB1-B81A46901184}.Debug|x86.ActiveCfg = Debug|Any CPU
		{5DF58BAE-8B69-4797-8DB1-B81A46901184}.Debug|x86.Build.0 = Debug|Any CPU
		{5DF58BAE-8B69-4797-8DB1-B81A46901184}.Release|Any CPU.ActiveCfg = Release|Any CPU
		{5DF58BAE-8B69-4797-8DB1-B81A46901184}.Release|Any CPU.Build.0 = Release|Any CPU
		{5DF58BAE-8B69-4797-8DB1-B81A46901184}.Release|x64.ActiveCfg = Release|Any CPU
		{5DF58BAE-8B69-4797-8DB1-B81A46901184}.Release|x64.Build.0 = Release|Any CPU
		{5DF58BAE-8B69-4797-8DB1-B81A46901184}.Release|x86.ActiveCfg = Release|Any CPU
		{5DF58BAE-8B69-4797-8DB1-B81A46901184}.Release|x86.Build.0 = Release|Any CPU
		{21F8DFC0-35C1-47E1-AD16-D19E6DFAC3E2}.Debug|Any CPU.ActiveCfg = Debug|Any CPU
		{21F8DFC0-35C1-47E1-AD16-D19E6DFAC3E2}.Debug|Any CPU.Build.0 = Debug|Any CPU
		{21F8DFC0-35C1-47E1-AD16-D19E6DFAC3E2}.Debug|x64.ActiveCfg = Debug|Any CPU
		{21F8DFC0-35C1-47E1-AD16-D19E6DFAC3E2}.Debug|x64.Build.0 = Debug|Any CPU
		{21F8DFC0-35C1-47E1-AD16-D19E6DFAC3E2}.Debug|x86.ActiveCfg = Debug|Any CPU
		{21F8DFC0-35C1-47E1-AD16-D19E6DFAC3E2}.Debug|x86.Build.0 = Debug|Any CPU
		{21F8DFC0-35C1-47E1-AD16-D19E6DFAC3E2}.Release|Any CPU.ActiveCfg = Release|Any CPU
		{21F8DFC0-35C1-47E1-AD16-D19E6DFAC3E2}.Release|Any CPU.Build.0 = Release|Any CPU
		{21F8DFC0-35C1-47E1-AD16-D19E6DFAC3E2}.Release|x64.ActiveCfg = Release|Any CPU
		{21F8DFC0-35C1-47E1-AD16-D19E6DFAC3E2}.Release|x64.Build.0 = Release|Any CPU
		{21F8DFC0-35C1-47E1-AD16-D19E6DFAC3E2}.Release|x86.ActiveCfg = Release|Any CPU
		{21F8DFC0-35C1-47E1-AD16-D19E6DFAC3E2}.Release|x86.Build.0 = Release|Any CPU
		{E0740EFD-1B2F-4F1D-8366-3E70C3FD1200}.Debug|Any CPU.ActiveCfg = Debug|Any CPU
		{E0740EFD-1B2F-4F1D-8366-3E70C3FD1200}.Debug|Any CPU.Build.0 = Debug|Any CPU
		{E0740EFD-1B2F-4F1D-8366-3E70C3FD1200}.Debug|x64.ActiveCfg = Debug|Any CPU
		{E0740EFD-1B2F-4F1D-8366-3E70C3FD1200}.Debug|x64.Build.0 = Debug|Any CPU
		{E0740EFD-1B2F-4F1D-8366-3E70C3FD1200}.Debug|x86.ActiveCfg = Debug|Any CPU
		{E0740EFD-1B2F-4F1D-8366-3E70C3FD1200}.Debug|x86.Build.0 = Debug|Any CPU
		{E0740EFD-1B2F-4F1D-8366-3E70C3FD1200}.Release|Any CPU.ActiveCfg = Release|Any CPU
		{E0740EFD-1B2F-4F1D-8366-3E70C3FD1200}.Release|Any CPU.Build.0 = Release|Any CPU
		{E0740EFD-1B2F-4F1D-8366-3E70C3FD1200}.Release|x64.ActiveCfg = Release|Any CPU
		{E0740EFD-1B2F-4F1D-8366-3E70C3FD1200}.Release|x64.Build.0 = Release|Any CPU
		{E0740EFD-1B2F-4F1D-8366-3E70C3FD1200}.Release|x86.ActiveCfg = Release|Any CPU
		{E0740EFD-1B2F-4F1D-8366-3E70C3FD1200}.Release|x86.Build.0 = Release|Any CPU
		{61543FCA-6E6C-44DB-87F1-0546658E343C}.Debug|Any CPU.ActiveCfg = Debug|Any CPU
		{61543FCA-6E6C-44DB-87F1-0546658E343C}.Debug|Any CPU.Build.0 = Debug|Any CPU
		{61543FCA-6E6C-44DB-87F1-0546658E343C}.Debug|x64.ActiveCfg = Debug|Any CPU
		{61543FCA-6E6C-44DB-87F1-0546658E343C}.Debug|x64.Build.0 = Debug|Any CPU
		{61543FCA-6E6C-44DB-87F1-0546658E343C}.Debug|x86.ActiveCfg = Debug|Any CPU
		{61543FCA-6E6C-44DB-87F1-0546658E343C}.Debug|x86.Build.0 = Debug|Any CPU
		{61543FCA-6E6C-44DB-87F1-0546658E343C}.Release|Any CPU.ActiveCfg = Release|Any CPU
		{61543FCA-6E6C-44DB-87F1-0546658E343C}.Release|Any CPU.Build.0 = Release|Any CPU
		{61543FCA-6E6C-44DB-87F1-0546658E343C}.Release|x64.ActiveCfg = Release|Any CPU
		{61543FCA-6E6C-44DB-87F1-0546658E343C}.Release|x64.Build.0 = Release|Any CPU
		{61543FCA-6E6C-44DB-87F1-0546658E343C}.Release|x86.ActiveCfg = Release|Any CPU
		{61543FCA-6E6C-44DB-87F1-0546658E343C}.Release|x86.Build.0 = Release|Any CPU
		{342B987C-E0A4-4129-958D-8E08084E8A06}.Debug|Any CPU.ActiveCfg = Debug|Any CPU
		{342B987C-E0A4-4129-958D-8E08084E8A06}.Debug|Any CPU.Build.0 = Debug|Any CPU
		{342B987C-E0A4-4129-958D-8E08084E8A06}.Debug|x64.ActiveCfg = Debug|Any CPU
		{342B987C-E0A4-4129-958D-8E08084E8A06}.Debug|x64.Build.0 = Debug|Any CPU
		{342B987C-E0A4-4129-958D-8E08084E8A06}.Debug|x86.ActiveCfg = Debug|Any CPU
		{342B987C-E0A4-4129-958D-8E08084E8A06}.Debug|x86.Build.0 = Debug|Any CPU
		{342B987C-E0A4-4129-958D-8E08084E8A06}.Release|Any CPU.ActiveCfg = Release|Any CPU
		{342B987C-E0A4-4129-958D-8E08084E8A06}.Release|Any CPU.Build.0 = Release|Any CPU
		{342B987C-E0A4-4129-958D-8E08084E8A06}.Release|x64.ActiveCfg = Release|Any CPU
		{342B987C-E0A4-4129-958D-8E08084E8A06}.Release|x64.Build.0 = Release|Any CPU
		{342B987C-E0A4-4129-958D-8E08084E8A06}.Release|x86.ActiveCfg = Release|Any CPU
		{342B987C-E0A4-4129-958D-8E08084E8A06}.Release|x86.Build.0 = Release|Any CPU
		{F9D13509-2901-4F0C-882F-952666EB9F95}.Debug|Any CPU.ActiveCfg = Debug|Any CPU
		{F9D13509-2901-4F0C-882F-952666EB9F95}.Debug|Any CPU.Build.0 = Debug|Any CPU
		{F9D13509-2901-4F0C-882F-952666EB9F95}.Debug|x64.ActiveCfg = Debug|Any CPU
		{F9D13509-2901-4F0C-882F-952666EB9F95}.Debug|x64.Build.0 = Debug|Any CPU
		{F9D13509-2901-4F0C-882F-952666EB9F95}.Debug|x86.ActiveCfg = Debug|Any CPU
		{F9D13509-2901-4F0C-882F-952666EB9F95}.Debug|x86.Build.0 = Debug|Any CPU
		{F9D13509-2901-4F0C-882F-952666EB9F95}.Release|Any CPU.ActiveCfg = Release|Any CPU
		{F9D13509-2901-4F0C-882F-952666EB9F95}.Release|Any CPU.Build.0 = Release|Any CPU
		{F9D13509-2901-4F0C-882F-952666EB9F95}.Release|x64.ActiveCfg = Release|Any CPU
		{F9D13509-2901-4F0C-882F-952666EB9F95}.Release|x64.Build.0 = Release|Any CPU
		{F9D13509-2901-4F0C-882F-952666EB9F95}.Release|x86.ActiveCfg = Release|Any CPU
		{F9D13509-2901-4F0C-882F-952666EB9F95}.Release|x86.Build.0 = Release|Any CPU
	EndGlobalSection
	GlobalSection(SolutionProperties) = preSolution
		HideSolutionNode = FALSE
	EndGlobalSection
	GlobalSection(ExtensibilityGlobals) = postSolution
		SolutionGuid = {EC2BBBD6-E7BB-4C50-AE02-B38494FC1789}
	EndGlobalSection
EndGlobal
